// !$*UTF8*$!
{
	archiveVersion = 1;
	classes = {
	};
	objectVersion = 48;
	objects = {

/* Begin PBXBuildFile section */
		66F127AA1FF541770062056B /* AppDelegate.swift in Sources */ = {isa = PBXBuildFile; fileRef = 66F127A91FF541770062056B /* AppDelegate.swift */; };
		66F127AC1FF541770062056B /* ViewController.swift in Sources */ = {isa = PBXBuildFile; fileRef = 66F127AB1FF541770062056B /* ViewController.swift */; };
		66F127AF1FF541770062056B /* Main.storyboard in Resources */ = {isa = PBXBuildFile; fileRef = 66F127AD1FF541770062056B /* Main.storyboard */; };
		66F127B11FF541770062056B /* Assets.xcassets in Resources */ = {isa = PBXBuildFile; fileRef = 66F127B01FF541770062056B /* Assets.xcassets */; };
		66F127B41FF541770062056B /* LaunchScreen.storyboard in Resources */ = {isa = PBXBuildFile; fileRef = 66F127B21FF541770062056B /* LaunchScreen.storyboard */; };
		66F127BE1FF541930062056B /* Player.swift in Sources */ = {isa = PBXBuildFile; fileRef = 66F127BD1FF541930062056B /* Player.swift */; };
		66F127C91FF545140062056B /* eve.mp3 in Resources */ = {isa = PBXBuildFile; fileRef = 66F127C81FF545140062056B /* eve.mp3 */; };
		66F127CB1FF54A780062056B /* PlayerDelegate.swift in Sources */ = {isa = PBXBuildFile; fileRef = 66F127CA1FF54A780062056B /* PlayerDelegate.swift */; };
		66F127DC1FF54D3C0062056B /* EZAudioFloatConverter.m in Sources */ = {isa = PBXBuildFile; fileRef = 66F127CE1FF54D3B0062056B /* EZAudioFloatConverter.m */; };
		66F127DD1FF54D3C0062056B /* EZAudioFloatData.m in Sources */ = {isa = PBXBuildFile; fileRef = 66F127CF1FF54D3B0062056B /* EZAudioFloatData.m */; };
		66F127DE1FF54D3C0062056B /* EZAudioPlot.m in Sources */ = {isa = PBXBuildFile; fileRef = 66F127D41FF54D3B0062056B /* EZAudioPlot.m */; };
		66F127DF1FF54D3C0062056B /* EZPlot.m in Sources */ = {isa = PBXBuildFile; fileRef = 66F127D61FF54D3B0062056B /* EZPlot.m */; };
		66F127E01FF54D3C0062056B /* EZAudioDisplayLink.m in Sources */ = {isa = PBXBuildFile; fileRef = 66F127D71FF54D3B0062056B /* EZAudioDisplayLink.m */; };
		66F127E11FF54D3C0062056B /* EZAudioUtilities.m in Sources */ = {isa = PBXBuildFile; fileRef = 66F127D81FF54D3C0062056B /* EZAudioUtilities.m */; };
		66F127E21FF54D3C0062056B /* TPCircularBuffer.c in Sources */ = {isa = PBXBuildFile; fileRef = 66F127DB1FF54D3C0062056B /* TPCircularBuffer.c */; };
		66F127E41FF54F9A0062056B /* ViewController+PlayerDelegate.swift in Sources */ = {isa = PBXBuildFile; fileRef = 66F127E31FF54F9A0062056B /* ViewController+PlayerDelegate.swift */; };
/* End PBXBuildFile section */

/* Begin PBXFileReference section */
		66F127A61FF541760062056B /* Waveform.app */ = {isa = PBXFileReference; explicitFileType = wrapper.application; includeInIndex = 0; path = Waveform.app; sourceTree = BUILT_PRODUCTS_DIR; };
		66F127A91FF541770062056B /* AppDelegate.swift */ = {isa = PBXFileReference; lastKnownFileType = sourcecode.swift; path = AppDelegate.swift; sourceTree = "<group>"; };
		66F127AB1FF541770062056B /* ViewController.swift */ = {isa = PBXFileReference; lastKnownFileType = sourcecode.swift; path = ViewController.swift; sourceTree = "<group>"; };
		66F127AE1FF541770062056B /* Base */ = {isa = PBXFileReference; lastKnownFileType = file.storyboard; name = Base; path = Base.lproj/Main.storyboard; sourceTree = "<group>"; };
		66F127B01FF541770062056B /* Assets.xcassets */ = {isa = PBXFileReference; lastKnownFileType = folder.assetcatalog; path = Assets.xcassets; sourceTree = "<group>"; };
		66F127B31FF541770062056B /* Base */ = {isa = PBXFileReference; lastKnownFileType = file.storyboard; name = Base; path = Base.lproj/LaunchScreen.storyboard; sourceTree = "<group>"; };
		66F127B51FF541770062056B /* Info.plist */ = {isa = PBXFileReference; lastKnownFileType = text.plist.xml; path = Info.plist; sourceTree = "<group>"; };
		66F127BD1FF541930062056B /* Player.swift */ = {isa = PBXFileReference; lastKnownFileType = sourcecode.swift; path = Player.swift; sourceTree = "<group>"; };
		66F127C81FF545140062056B /* eve.mp3 */ = {isa = PBXFileReference; lastKnownFileType = audio.mp3; path = eve.mp3; sourceTree = "<group>"; };
		66F127CA1FF54A780062056B /* PlayerDelegate.swift */ = {isa = PBXFileReference; lastKnownFileType = sourcecode.swift; path = PlayerDelegate.swift; sourceTree = "<group>"; };
		66F127CD1FF54D3A0062056B /* Waveform-Bridging-Header.h */ = {isa = PBXFileReference; lastKnownFileType = sourcecode.c.h; path = "Waveform-Bridging-Header.h"; sourceTree = "<group>"; };
		66F127CE1FF54D3B0062056B /* EZAudioFloatConverter.m */ = {isa = PBXFileReference; fileEncoding = 4; lastKnownFileType = sourcecode.c.objc; path = EZAudioFloatConverter.m; sourceTree = "<group>"; };
		66F127CF1FF54D3B0062056B /* EZAudioFloatData.m */ = {isa = PBXFileReference; fileEncoding = 4; lastKnownFileType = sourcecode.c.objc; path = EZAudioFloatData.m; sourceTree = "<group>"; };
		66F127D01FF54D3B0062056B /* TPCircularBuffer.h */ = {isa = PBXFileReference; fileEncoding = 4; lastKnownFileType = sourcecode.c.h; path = TPCircularBuffer.h; sourceTree = "<group>"; };
		66F127D11FF54D3B0062056B /* EZAudioPlot.h */ = {isa = PBXFileReference; fileEncoding = 4; lastKnownFileType = sourcecode.c.h; path = EZAudioPlot.h; sourceTree = "<group>"; };
		66F127D21FF54D3B0062056B /* EZAudioFloatData.h */ = {isa = PBXFileReference; fileEncoding = 4; lastKnownFileType = sourcecode.c.h; path = EZAudioFloatData.h; sourceTree = "<group>"; };
		66F127D31FF54D3B0062056B /* EZAudioDisplayLink.h */ = {isa = PBXFileReference; fileEncoding = 4; lastKnownFileType = sourcecode.c.h; path = EZAudioDisplayLink.h; sourceTree = "<group>"; };
		66F127D41FF54D3B0062056B /* EZAudioPlot.m */ = {isa = PBXFileReference; fileEncoding = 4; lastKnownFileType = sourcecode.c.objc; path = EZAudioPlot.m; sourceTree = "<group>"; };
		66F127D51FF54D3B0062056B /* EZAudioUtilities.h */ = {isa = PBXFileReference; fileEncoding = 4; lastKnownFileType = sourcecode.c.h; path = EZAudioUtilities.h; sourceTree = "<group>"; };
		66F127D61FF54D3B0062056B /* EZPlot.m */ = {isa = PBXFileReference; fileEncoding = 4; lastKnownFileType = sourcecode.c.objc; path = EZPlot.m; sourceTree = "<group>"; };
		66F127D71FF54D3B0062056B /* EZAudioDisplayLink.m */ = {isa = PBXFileReference; fileEncoding = 4; lastKnownFileType = sourcecode.c.objc; path = EZAudioDisplayLink.m; sourceTree = "<group>"; };
		66F127D81FF54D3C0062056B /* EZAudioUtilities.m */ = {isa = PBXFileReference; fileEncoding = 4; lastKnownFileType = sourcecode.c.objc; path = EZAudioUtilities.m; sourceTree = "<group>"; };
		66F127D91FF54D3C0062056B /* EZAudioFloatConverter.h */ = {isa = PBXFileReference; fileEncoding = 4; lastKnownFileType = sourcecode.c.h; path = EZAudioFloatConverter.h; sourceTree = "<group>"; };
		66F127DA1FF54D3C0062056B /* EZPlot.h */ = {isa = PBXFileReference; fileEncoding = 4; lastKnownFileType = sourcecode.c.h; path = EZPlot.h; sourceTree = "<group>"; };
		66F127DB1FF54D3C0062056B /* TPCircularBuffer.c */ = {isa = PBXFileReference; fileEncoding = 4; lastKnownFileType = sourcecode.c.c; path = TPCircularBuffer.c; sourceTree = "<group>"; };
		66F127E31FF54F9A0062056B /* ViewController+PlayerDelegate.swift */ = {isa = PBXFileReference; lastKnownFileType = sourcecode.swift; path = "ViewController+PlayerDelegate.swift"; sourceTree = "<group>"; };
/* End PBXFileReference section */

/* Begin PBXFrameworksBuildPhase section */
		66F127A31FF541760062056B /* Frameworks */ = {
			isa = PBXFrameworksBuildPhase;
			buildActionMask = 2147483647;
			files = (
			);
			runOnlyForDeploymentPostprocessing = 0;
		};
/* End PBXFrameworksBuildPhase section */

/* Begin PBXGroup section */
		66F1279D1FF541760062056B = {
			isa = PBXGroup;
			children = (
				66F127A81FF541760062056B /* Waveform */,
				66F127A71FF541760062056B /* Products */,
			);
			sourceTree = "<group>";
		};
		66F127A71FF541760062056B /* Products */ = {
			isa = PBXGroup;
			children = (
				66F127A61FF541760062056B /* Waveform.app */,
			);
			name = Products;
			sourceTree = "<group>";
		};
		66F127A81FF541760062056B /* Waveform */ = {
			isa = PBXGroup;
			children = (
				66F127CC1FF54CD90062056B /* EZAudio */,
				66F127C81FF545140062056B /* eve.mp3 */,
				66F127A91FF541770062056B /* AppDelegate.swift */,
				66F127AB1FF541770062056B /* ViewController.swift */,
				66F127E31FF54F9A0062056B /* ViewController+PlayerDelegate.swift */,
				66F127BD1FF541930062056B /* Player.swift */,
				66F127CA1FF54A780062056B /* PlayerDelegate.swift */,
				66F127AD1FF541770062056B /* Main.storyboard */,
				66F127B01FF541770062056B /* Assets.xcassets */,
				66F127B21FF541770062056B /* LaunchScreen.storyboard */,
				66F127B51FF541770062056B /* Info.plist */,
			);
			path = Waveform;
			sourceTree = "<group>";
		};
		66F127CC1FF54CD90062056B /* EZAudio */ = {
			isa = PBXGroup;
			children = (
				66F127D31FF54D3B0062056B /* EZAudioDisplayLink.h */,
				66F127D71FF54D3B0062056B /* EZAudioDisplayLink.m */,
				66F127D91FF54D3C0062056B /* EZAudioFloatConverter.h */,
				66F127CE1FF54D3B0062056B /* EZAudioFloatConverter.m */,
				66F127D21FF54D3B0062056B /* EZAudioFloatData.h */,
				66F127CF1FF54D3B0062056B /* EZAudioFloatData.m */,
				66F127D11FF54D3B0062056B /* EZAudioPlot.h */,
				66F127D41FF54D3B0062056B /* EZAudioPlot.m */,
				66F127D51FF54D3B0062056B /* EZAudioUtilities.h */,
				66F127D81FF54D3C0062056B /* EZAudioUtilities.m */,
				66F127DA1FF54D3C0062056B /* EZPlot.h */,
				66F127D61FF54D3B0062056B /* EZPlot.m */,
				66F127DB1FF54D3C0062056B /* TPCircularBuffer.c */,
				66F127D01FF54D3B0062056B /* TPCircularBuffer.h */,
				66F127CD1FF54D3A0062056B /* Waveform-Bridging-Header.h */,
			);
			path = EZAudio;
			sourceTree = "<group>";
		};
/* End PBXGroup section */

/* Begin PBXNativeTarget section */
		66F127A51FF541760062056B /* Waveform */ = {
			isa = PBXNativeTarget;
			buildConfigurationList = 66F127B81FF541770062056B /* Build configuration list for PBXNativeTarget "Waveform" */;
			buildPhases = (
				66F127A21FF541760062056B /* Sources */,
				66F127A31FF541760062056B /* Frameworks */,
				66F127A41FF541760062056B /* Resources */,
			);
			buildRules = (
			);
			dependencies = (
			);
			name = Waveform;
			productName = Waveform;
			productReference = 66F127A61FF541760062056B /* Waveform.app */;
			productType = "com.apple.product-type.application";
		};
/* End PBXNativeTarget section */

/* Begin PBXProject section */
		66F1279E1FF541760062056B /* Project object */ = {
			isa = PBXProject;
			attributes = {
				LastSwiftUpdateCheck = 0920;
				LastUpgradeCheck = 0920;
				ORGANIZATIONNAME = "Ausome Apps LLC";
				TargetAttributes = {
					66F127A51FF541760062056B = {
						CreatedOnToolsVersion = 9.2;
						LastSwiftMigration = 0920;
						ProvisioningStyle = Automatic;
					};
				};
			};
			buildConfigurationList = 66F127A11FF541760062056B /* Build configuration list for PBXProject "Waveform" */;
			compatibilityVersion = "Xcode 8.0";
			developmentRegion = en;
			hasScannedForEncodings = 0;
			knownRegions = (
				en,
				Base,
			);
			mainGroup = 66F1279D1FF541760062056B;
			productRefGroup = 66F127A71FF541760062056B /* Products */;
			projectDirPath = "";
			projectRoot = "";
			targets = (
				66F127A51FF541760062056B /* Waveform */,
			);
		};
/* End PBXProject section */

/* Begin PBXResourcesBuildPhase section */
		66F127A41FF541760062056B /* Resources */ = {
			isa = PBXResourcesBuildPhase;
			buildActionMask = 2147483647;
			files = (
				66F127B41FF541770062056B /* LaunchScreen.storyboard in Resources */,
				66F127B11FF541770062056B /* Assets.xcassets in Resources */,
				66F127AF1FF541770062056B /* Main.storyboard in Resources */,
				66F127C91FF545140062056B /* eve.mp3 in Resources */,
			);
			runOnlyForDeploymentPostprocessing = 0;
		};
/* End PBXResourcesBuildPhase section */

/* Begin PBXSourcesBuildPhase section */
		66F127A21FF541760062056B /* Sources */ = {
			isa = PBXSourcesBuildPhase;
			buildActionMask = 2147483647;
			files = (
				66F127DF1FF54D3C0062056B /* EZPlot.m in Sources */,
				66F127DE1FF54D3C0062056B /* EZAudioPlot.m in Sources */,
				66F127BE1FF541930062056B /* Player.swift in Sources */,
				66F127DC1FF54D3C0062056B /* EZAudioFloatConverter.m in Sources */,
				66F127AC1FF541770062056B /* ViewController.swift in Sources */,
				66F127DD1FF54D3C0062056B /* EZAudioFloatData.m in Sources */,
				66F127E21FF54D3C0062056B /* TPCircularBuffer.c in Sources */,
				66F127E11FF54D3C0062056B /* EZAudioUtilities.m in Sources */,
				66F127AA1FF541770062056B /* AppDelegate.swift in Sources */,
				66F127CB1FF54A780062056B /* PlayerDelegate.swift in Sources */,
				66F127E01FF54D3C0062056B /* EZAudioDisplayLink.m in Sources */,
				66F127E41FF54F9A0062056B /* ViewController+PlayerDelegate.swift in Sources */,
			);
			runOnlyForDeploymentPostprocessing = 0;
		};
/* End PBXSourcesBuildPhase section */

/* Begin PBXVariantGroup section */
		66F127AD1FF541770062056B /* Main.storyboard */ = {
			isa = PBXVariantGroup;
			children = (
				66F127AE1FF541770062056B /* Base */,
			);
			name = Main.storyboard;
			sourceTree = "<group>";
		};
		66F127B21FF541770062056B /* LaunchScreen.storyboard */ = {
			isa = PBXVariantGroup;
			children = (
				66F127B31FF541770062056B /* Base */,
			);
			name = LaunchScreen.storyboard;
			sourceTree = "<group>";
		};
/* End PBXVariantGroup section */

/* Begin XCBuildConfiguration section */
		66F127B61FF541770062056B /* Debug */ = {
			isa = XCBuildConfiguration;
			buildSettings = {
				ALWAYS_SEARCH_USER_PATHS = NO;
				CLANG_ANALYZER_NONNULL = YES;
				CLANG_ANALYZER_NUMBER_OBJECT_CONVERSION = YES_AGGRESSIVE;
				CLANG_CXX_LANGUAGE_STANDARD = "gnu++14";
				CLANG_CXX_LIBRARY = "libc++";
				CLANG_ENABLE_MODULES = YES;
				CLANG_ENABLE_OBJC_ARC = YES;
				CLANG_WARN_BLOCK_CAPTURE_AUTORELEASING = YES;
				CLANG_WARN_BOOL_CONVERSION = YES;
				CLANG_WARN_COMMA = YES;
				CLANG_WARN_CONSTANT_CONVERSION = YES;
				CLANG_WARN_DIRECT_OBJC_ISA_USAGE = YES_ERROR;
				CLANG_WARN_DOCUMENTATION_COMMENTS = YES;
				CLANG_WARN_EMPTY_BODY = YES;
				CLANG_WARN_ENUM_CONVERSION = YES;
				CLANG_WARN_INFINITE_RECURSION = YES;
				CLANG_WARN_INT_CONVERSION = YES;
				CLANG_WARN_NON_LITERAL_NULL_CONVERSION = YES;
				CLANG_WARN_OBJC_LITERAL_CONVERSION = YES;
				CLANG_WARN_OBJC_ROOT_CLASS = YES_ERROR;
				CLANG_WARN_RANGE_LOOP_ANALYSIS = YES;
				CLANG_WARN_STRICT_PROTOTYPES = YES;
				CLANG_WARN_SUSPICIOUS_MOVE = YES;
				CLANG_WARN_UNGUARDED_AVAILABILITY = YES_AGGRESSIVE;
				CLANG_WARN_UNREACHABLE_CODE = YES;
				CLANG_WARN__DUPLICATE_METHOD_MATCH = YES;
				CODE_SIGN_IDENTITY = "iPhone Developer";
				COPY_PHASE_STRIP = NO;
				DEBUG_INFORMATION_FORMAT = dwarf;
				ENABLE_STRICT_OBJC_MSGSEND = YES;
				ENABLE_TESTABILITY = YES;
				GCC_C_LANGUAGE_STANDARD = gnu11;
				GCC_DYNAMIC_NO_PIC = NO;
				GCC_NO_COMMON_BLOCKS = YES;
				GCC_OPTIMIZATION_LEVEL = 0;
				GCC_PREPROCESSOR_DEFINITIONS = (
					"DEBUG=1",
					"$(inherited)",
				);
				GCC_WARN_64_TO_32_BIT_CONVERSION = YES;
				GCC_WARN_ABOUT_RETURN_TYPE = YES_ERROR;
				GCC_WARN_UNDECLARED_SELECTOR = YES;
				GCC_WARN_UNINITIALIZED_AUTOS = YES_AGGRESSIVE;
				GCC_WARN_UNUSED_FUNCTION = YES;
				GCC_WARN_UNUSED_VARIABLE = YES;
				IPHONEOS_DEPLOYMENT_TARGET = 11.2;
				MTL_ENABLE_DEBUG_INFO = YES;
				ONLY_ACTIVE_ARCH = YES;
				SDKROOT = iphoneos;
				SWIFT_ACTIVE_COMPILATION_CONDITIONS = DEBUG;
				SWIFT_OPTIMIZATION_LEVEL = "-Onone";
			};
			name = Debug;
		};
		66F127B71FF541770062056B /* Release */ = {
			isa = XCBuildConfiguration;
			buildSettings = {
				ALWAYS_SEARCH_USER_PATHS = NO;
				CLANG_ANALYZER_NONNULL = YES;
				CLANG_ANALYZER_NUMBER_OBJECT_CONVERSION = YES_AGGRESSIVE;
				CLANG_CXX_LANGUAGE_STANDARD = "gnu++14";
				CLANG_CXX_LIBRARY = "libc++";
				CLANG_ENABLE_MODULES = YES;
				CLANG_ENABLE_OBJC_ARC = YES;
				CLANG_WARN_BLOCK_CAPTURE_AUTORELEASING = YES;
				CLANG_WARN_BOOL_CONVERSION = YES;
				CLANG_WARN_COMMA = YES;
				CLANG_WARN_CONSTANT_CONVERSION = YES;
				CLANG_WARN_DIRECT_OBJC_ISA_USAGE = YES_ERROR;
				CLANG_WARN_DOCUMENTATION_COMMENTS = YES;
				CLANG_WARN_EMPTY_BODY = YES;
				CLANG_WARN_ENUM_CONVERSION = YES;
				CLANG_WARN_INFINITE_RECURSION = YES;
				CLANG_WARN_INT_CONVERSION = YES;
				CLANG_WARN_NON_LITERAL_NULL_CONVERSION = YES;
				CLANG_WARN_OBJC_LITERAL_CONVERSION = YES;
				CLANG_WARN_OBJC_ROOT_CLASS = YES_ERROR;
				CLANG_WARN_RANGE_LOOP_ANALYSIS = YES;
				CLANG_WARN_STRICT_PROTOTYPES = YES;
				CLANG_WARN_SUSPICIOUS_MOVE = YES;
				CLANG_WARN_UNGUARDED_AVAILABILITY = YES_AGGRESSIVE;
				CLANG_WARN_UNREACHABLE_CODE = YES;
				CLANG_WARN__DUPLICATE_METHOD_MATCH = YES;
				CODE_SIGN_IDENTITY = "iPhone Developer";
				COPY_PHASE_STRIP = NO;
				DEBUG_INFORMATION_FORMAT = "dwarf-with-dsym";
				ENABLE_NS_ASSERTIONS = NO;
				ENABLE_STRICT_OBJC_MSGSEND = YES;
				GCC_C_LANGUAGE_STANDARD = gnu11;
				GCC_NO_COMMON_BLOCKS = YES;
				GCC_WARN_64_TO_32_BIT_CONVERSION = YES;
				GCC_WARN_ABOUT_RETURN_TYPE = YES_ERROR;
				GCC_WARN_UNDECLARED_SELECTOR = YES;
				GCC_WARN_UNINITIALIZED_AUTOS = YES_AGGRESSIVE;
				GCC_WARN_UNUSED_FUNCTION = YES;
				GCC_WARN_UNUSED_VARIABLE = YES;
				IPHONEOS_DEPLOYMENT_TARGET = 11.2;
				MTL_ENABLE_DEBUG_INFO = NO;
				SDKROOT = iphoneos;
				SWIFT_OPTIMIZATION_LEVEL = "-Owholemodule";
				VALIDATE_PRODUCT = YES;
			};
			name = Release;
		};
		66F127B91FF541770062056B /* Debug */ = {
			isa = XCBuildConfiguration;
			buildSettings = {
				ASSETCATALOG_COMPILER_APPICON_NAME = AppIcon;
				CLANG_ENABLE_MODULES = YES;
				CODE_SIGN_STYLE = Automatic;
				DEVELOPMENT_TEAM = QZ222K9SPY;
				INFOPLIST_FILE = Waveform/Info.plist;
				LD_RUNPATH_SEARCH_PATHS = "$(inherited) @executable_path/Frameworks";
				PRODUCT_BUNDLE_IDENTIFIER = com.ausomeapps.Waveform;
				PRODUCT_NAME = "$(TARGET_NAME)";
				SWIFT_OBJC_BRIDGING_HEADER = "Waveform/EZAudio/Waveform-Bridging-Header.h";
				SWIFT_OPTIMIZATION_LEVEL = "-Onone";
				SWIFT_VERSION = 4.0;
				TARGETED_DEVICE_FAMILY = "1,2";
			};
			name = Debug;
		};
		66F127BA1FF541770062056B /* Release */ = {
			isa = XCBuildConfiguration;
			buildSettings = {
				ASSETCATALOG_COMPILER_APPICON_NAME = AppIcon;
				CLANG_ENABLE_MODULES = YES;
				CODE_SIGN_STYLE = Automatic;
				DEVELOPMENT_TEAM = QZ222K9SPY;
				INFOPLIST_FILE = Waveform/Info.plist;
				LD_RUNPATH_SEARCH_PATHS = "$(inherited) @executable_path/Frameworks";
				PRODUCT_BUNDLE_IDENTIFIER = com.ausomeapps.Waveform;
				PRODUCT_NAME = "$(TARGET_NAME)";
				SWIFT_OBJC_BRIDGING_HEADER = "Waveform/EZAudio/Waveform-Bridging-Header.h";
				SWIFT_VERSION = 4.0;
				TARGETED_DEVICE_FAMILY = "1,2";
			};
			name = Release;
		};
/* End XCBuildConfiguration section */

/* Begin XCConfigurationList section */
		66F127A11FF541760062056B /* Build configuration list for PBXProject "Waveform" */ = {
			isa = XCConfigurationList;
			buildConfigurations = (
				66F127B61FF541770062056B /* Debug */,
				66F127B71FF541770062056B /* Release */,
			);
			defaultConfigurationIsVisible = 0;
			defaultConfigurationName = Release;
		};
		66F127B81FF541770062056B /* Build configuration list for PBXNativeTarget "Waveform" */ = {
			isa = XCConfigurationList;
			buildConfigurations = (
				66F127B91FF541770062056B /* Debug */,
				66F127BA1FF541770062056B /* Release */,
			);
			defaultConfigurationIsVisible = 0;
			defaultConfigurationName = Release;
		};
/* End XCConfigurationList section */
	};
	rootObject = 66F1279E1FF541760062056B /* Project object */;
}
